// !$*UTF8*$!
{
	archiveVersion = 1;
	classes = {
	};
	objectVersion = 51;
	objects = {

/* Begin PBXBuildFile section */
		1D409AF7124EEEA8AF41E282 /* Pods_RSSReader.framework in Frameworks */ = {isa = PBXBuildFile; fileRef = 2D1ED9C9935ED2F7D3E38C74 /* Pods_RSSReader.framework */; };
		A858C2B32577EAA700754A4E /* AppDelegate.swift in Sources */ = {isa = PBXBuildFile; fileRef = A858C2B22577EAA700754A4E /* AppDelegate.swift */; };
		A858C2B52577EAA700754A4E /* SceneDelegate.swift in Sources */ = {isa = PBXBuildFile; fileRef = A858C2B42577EAA700754A4E /* SceneDelegate.swift */; };
		A858C2B72577EAA700754A4E /* HomeViewController.swift in Sources */ = {isa = PBXBuildFile; fileRef = A858C2B62577EAA700754A4E /* HomeViewController.swift */; };
		A858C2BC2577EAAA00754A4E /* Assets.xcassets in Resources */ = {isa = PBXBuildFile; fileRef = A858C2BB2577EAAA00754A4E /* Assets.xcassets */; };
		A858C2BF2577EAAA00754A4E /* LaunchScreen.storyboard in Resources */ = {isa = PBXBuildFile; fileRef = A858C2BD2577EAAA00754A4E /* LaunchScreen.storyboard */; };
		A85A65B02577F8F80052146F /* ContainerViewController.swift in Sources */ = {isa = PBXBuildFile; fileRef = A85A65AF2577F8F80052146F /* ContainerViewController.swift */; };
		A85A65B32577F9300052146F /* MenuProtocols.swift in Sources */ = {isa = PBXBuildFile; fileRef = A85A65B22577F9300052146F /* MenuProtocols.swift */; };
		A85A65B62577F94E0052146F /* ExtensionString.swift in Sources */ = {isa = PBXBuildFile; fileRef = A85A65B52577F94E0052146F /* ExtensionString.swift */; };
		A85A65BB2577F9B30052146F /* MenuViewController.swift in Sources */ = {isa = PBXBuildFile; fileRef = A85A65BA2577F9B30052146F /* MenuViewController.swift */; };
		A85A65BE2577F9DD0052146F /* MenuViewController+alertControllers.swift in Sources */ = {isa = PBXBuildFile; fileRef = A85A65BD2577F9DD0052146F /* MenuViewController+alertControllers.swift */; };
		A85A65C22577FA000052146F /* NewsReaderViewController.swift in Sources */ = {isa = PBXBuildFile; fileRef = A85A65C12577FA000052146F /* NewsReaderViewController.swift */; };
		A85A65C52577FA180052146F /* CustomHomeTableViewCell.swift in Sources */ = {isa = PBXBuildFile; fileRef = A85A65C42577FA180052146F /* CustomHomeTableViewCell.swift */; };
		A85A65C82577FA310052146F /* RssParser.swift in Sources */ = {isa = PBXBuildFile; fileRef = A85A65C72577FA310052146F /* RssParser.swift */; };
		A85A65CE2577FA710052146F /* AddManager.swift in Sources */ = {isa = PBXBuildFile; fileRef = A85A65CD2577FA710052146F /* AddManager.swift */; };
		A85A65D22577FA8C0052146F /* StorageManager.swift in Sources */ = {isa = PBXBuildFile; fileRef = A85A65D12577FA8C0052146F /* StorageManager.swift */; };
		A85A65E62578076B0052146F /* Channel.swift in Sources */ = {isa = PBXBuildFile; fileRef = A85A65E52578076B0052146F /* Channel.swift */; };
		A86FA9EA2582BDB00015A040 /* MenuViewControllerAssembly.swift in Sources */ = {isa = PBXBuildFile; fileRef = A86FA9E92582BDB00015A040 /* MenuViewControllerAssembly.swift */; };
		A8BE36142582B71A00B641A0 /* AddManagerProtocol.swift in Sources */ = {isa = PBXBuildFile; fileRef = A8BE36132582B71A00B641A0 /* AddManagerProtocol.swift */; };
		A8BE36172582B74700B641A0 /* News.swift in Sources */ = {isa = PBXBuildFile; fileRef = A8BE36162582B74700B641A0 /* News.swift */; };
		A8BE36242582BAD200B641A0 /* HomeViewControllerAssembly.swift in Sources */ = {isa = PBXBuildFile; fileRef = A8BE36232582BAD200B641A0 /* HomeViewControllerAssembly.swift */; };
		A8BE36292582BBCA00B641A0 /* HomeViewController+alertControllers.swift in Sources */ = {isa = PBXBuildFile; fileRef = A8BE36282582BBCA00B641A0 /* HomeViewController+alertControllers.swift */; };
/* End PBXBuildFile section */

/* Begin PBXFileReference section */
		16FD3DC520F7AB55F9740FE3 /* Pods-RSSReader.release.xcconfig */ = {isa = PBXFileReference; includeInIndex = 1; lastKnownFileType = text.xcconfig; name = "Pods-RSSReader.release.xcconfig"; path = "Target Support Files/Pods-RSSReader/Pods-RSSReader.release.xcconfig"; sourceTree = "<group>"; };
		2D1ED9C9935ED2F7D3E38C74 /* Pods_RSSReader.framework */ = {isa = PBXFileReference; explicitFileType = wrapper.framework; includeInIndex = 0; path = Pods_RSSReader.framework; sourceTree = BUILT_PRODUCTS_DIR; };
		A858C2AF2577EAA700754A4E /* RSSReader.app */ = {isa = PBXFileReference; explicitFileType = wrapper.application; includeInIndex = 0; path = RSSReader.app; sourceTree = BUILT_PRODUCTS_DIR; };
		A858C2B22577EAA700754A4E /* AppDelegate.swift */ = {isa = PBXFileReference; lastKnownFileType = sourcecode.swift; path = AppDelegate.swift; sourceTree = "<group>"; };
		A858C2B42577EAA700754A4E /* SceneDelegate.swift */ = {isa = PBXFileReference; lastKnownFileType = sourcecode.swift; path = SceneDelegate.swift; sourceTree = "<group>"; };
		A858C2B62577EAA700754A4E /* HomeViewController.swift */ = {isa = PBXFileReference; lastKnownFileType = sourcecode.swift; path = HomeViewController.swift; sourceTree = "<group>"; };
		A858C2BB2577EAAA00754A4E /* Assets.xcassets */ = {isa = PBXFileReference; lastKnownFileType = folder.assetcatalog; path = Assets.xcassets; sourceTree = "<group>"; };
		A858C2BE2577EAAA00754A4E /* Base */ = {isa = PBXFileReference; lastKnownFileType = file.storyboard; name = Base; path = Base.lproj/LaunchScreen.storyboard; sourceTree = "<group>"; };
		A858C2C02577EAAA00754A4E /* Info.plist */ = {isa = PBXFileReference; lastKnownFileType = text.plist.xml; path = Info.plist; sourceTree = "<group>"; };
		A85A65AF2577F8F80052146F /* ContainerViewController.swift */ = {isa = PBXFileReference; lastKnownFileType = sourcecode.swift; path = ContainerViewController.swift; sourceTree = "<group>"; };
		A85A65B22577F9300052146F /* MenuProtocols.swift */ = {isa = PBXFileReference; lastKnownFileType = sourcecode.swift; path = MenuProtocols.swift; sourceTree = "<group>"; };
		A85A65B52577F94E0052146F /* ExtensionString.swift */ = {isa = PBXFileReference; lastKnownFileType = sourcecode.swift; path = ExtensionString.swift; sourceTree = "<group>"; };
		A85A65BA2577F9B30052146F /* MenuViewController.swift */ = {isa = PBXFileReference; lastKnownFileType = sourcecode.swift; path = MenuViewController.swift; sourceTree = "<group>"; };
		A85A65BD2577F9DD0052146F /* MenuViewController+alertControllers.swift */ = {isa = PBXFileReference; lastKnownFileType = sourcecode.swift; path = "MenuViewController+alertControllers.swift"; sourceTree = "<group>"; };
		A85A65C12577FA000052146F /* NewsReaderViewController.swift */ = {isa = PBXFileReference; lastKnownFileType = sourcecode.swift; path = NewsReaderViewController.swift; sourceTree = "<group>"; };
		A85A65C42577FA180052146F /* CustomHomeTableViewCell.swift */ = {isa = PBXFileReference; lastKnownFileType = sourcecode.swift; path = CustomHomeTableViewCell.swift; sourceTree = "<group>"; };
		A85A65C72577FA310052146F /* RssParser.swift */ = {isa = PBXFileReference; lastKnownFileType = sourcecode.swift; path = RssParser.swift; sourceTree = "<group>"; };
		A85A65CD2577FA710052146F /* AddManager.swift */ = {isa = PBXFileReference; lastKnownFileType = sourcecode.swift; path = AddManager.swift; sourceTree = "<group>"; };
		A85A65D12577FA8C0052146F /* StorageManager.swift */ = {isa = PBXFileReference; lastKnownFileType = sourcecode.swift; path = StorageManager.swift; sourceTree = "<group>"; };
		A85A65E52578076B0052146F /* Channel.swift */ = {isa = PBXFileReference; lastKnownFileType = sourcecode.swift; path = Channel.swift; sourceTree = "<group>"; };
		A86FA9E92582BDB00015A040 /* MenuViewControllerAssembly.swift */ = {isa = PBXFileReference; lastKnownFileType = sourcecode.swift; path = MenuViewControllerAssembly.swift; sourceTree = "<group>"; };
		A8BE36132582B71A00B641A0 /* AddManagerProtocol.swift */ = {isa = PBXFileReference; lastKnownFileType = sourcecode.swift; path = AddManagerProtocol.swift; sourceTree = "<group>"; };
		A8BE36162582B74700B641A0 /* News.swift */ = {isa = PBXFileReference; lastKnownFileType = sourcecode.swift; path = News.swift; sourceTree = "<group>"; };
		A8BE36232582BAD200B641A0 /* HomeViewControllerAssembly.swift */ = {isa = PBXFileReference; lastKnownFileType = sourcecode.swift; path = HomeViewControllerAssembly.swift; sourceTree = "<group>"; };
		A8BE36282582BBCA00B641A0 /* HomeViewController+alertControllers.swift */ = {isa = PBXFileReference; lastKnownFileType = sourcecode.swift; path = "HomeViewController+alertControllers.swift"; sourceTree = "<group>"; };
		C8C8183E3F0B039973931FDB /* Pods-RSSReader.debug.xcconfig */ = {isa = PBXFileReference; includeInIndex = 1; lastKnownFileType = text.xcconfig; name = "Pods-RSSReader.debug.xcconfig"; path = "Target Support Files/Pods-RSSReader/Pods-RSSReader.debug.xcconfig"; sourceTree = "<group>"; };
/* End PBXFileReference section */

/* Begin PBXFrameworksBuildPhase section */
		A858C2AC2577EAA700754A4E /* Frameworks */ = {
			isa = PBXFrameworksBuildPhase;
			buildActionMask = 2147483647;
			files = (
				1D409AF7124EEEA8AF41E282 /* Pods_RSSReader.framework in Frameworks */,
			);
			runOnlyForDeploymentPostprocessing = 0;
		};
/* End PBXFrameworksBuildPhase section */

/* Begin PBXGroup section */
		13352F9992D5A056FB9C333B /* Frameworks */ = {
			isa = PBXGroup;
			children = (
				2D1ED9C9935ED2F7D3E38C74 /* Pods_RSSReader.framework */,
			);
			name = Frameworks;
			sourceTree = "<group>";
		};
		4D65D29E29AEC2029B9564BA /* Pods */ = {
			isa = PBXGroup;
			children = (
				C8C8183E3F0B039973931FDB /* Pods-RSSReader.debug.xcconfig */,
				16FD3DC520F7AB55F9740FE3 /* Pods-RSSReader.release.xcconfig */,
			);
			path = Pods;
			sourceTree = "<group>";
		};
		A858C2A62577EAA700754A4E = {
			isa = PBXGroup;
			children = (
				A858C2B12577EAA700754A4E /* RSSReader */,
				A858C2B02577EAA700754A4E /* Products */,
				4D65D29E29AEC2029B9564BA /* Pods */,
				13352F9992D5A056FB9C333B /* Frameworks */,
			);
			sourceTree = "<group>";
		};
		A858C2B02577EAA700754A4E /* Products */ = {
			isa = PBXGroup;
			children = (
				A858C2AF2577EAA700754A4E /* RSSReader.app */,
			);
			name = Products;
			sourceTree = "<group>";
		};
		A858C2B12577EAA700754A4E /* RSSReader */ = {
			isa = PBXGroup;
			children = (
				A88CD5AE25783B3B001E1B9A /* Utilities */,
				A8BE361F2582B97600B641A0 /* Models */,
				A8BE36212582B9DD00B641A0 /* View */,
				A88CD5AD25783B09001E1B9A /* Controllers */,
				A8BE36202582B9B600B641A0 /* Managers */,
				A88CD5B325783C3B001E1B9A /* RssParser */,
				A858C2B22577EAA700754A4E /* AppDelegate.swift */,
				A858C2B42577EAA700754A4E /* SceneDelegate.swift */,
				A858C2BD2577EAAA00754A4E /* LaunchScreen.storyboard */,
				A858C2C02577EAAA00754A4E /* Info.plist */,
				A858C2BB2577EAAA00754A4E /* Assets.xcassets */,
			);
			path = RSSReader;
			sourceTree = "<group>";
		};
		A88CD5AD25783B09001E1B9A /* Controllers */ = {
			isa = PBXGroup;
			children = (
				A8BE361B2582B92200B641A0 /* ContainerViewController */,
				A8BE36192582B8A500B641A0 /* HomeViewController */,
				A8BE361A2582B90500B641A0 /* MenuViewController */,
				A8BE361C2582B93700B641A0 /* NewsReaderViewController */,
			);
			path = Controllers;
			sourceTree = "<group>";
		};
		A88CD5AE25783B3B001E1B9A /* Utilities */ = {
			isa = PBXGroup;
			children = (
				A8BE36132582B71A00B641A0 /* AddManagerProtocol.swift */,
				A85A65B22577F9300052146F /* MenuProtocols.swift */,
				A85A65B52577F94E0052146F /* ExtensionString.swift */,
			);
			path = Utilities;
			sourceTree = "<group>";
		};
		A88CD5B325783C3B001E1B9A /* RssParser */ = {
			isa = PBXGroup;
			children = (
				A85A65C72577FA310052146F /* RssParser.swift */,
			);
			path = RssParser;
			sourceTree = "<group>";
		};
		A8BE36192582B8A500B641A0 /* HomeViewController */ = {
			isa = PBXGroup;
			children = (
				A8BE36232582BAD200B641A0 /* HomeViewControllerAssembly.swift */,
				A858C2B62577EAA700754A4E /* HomeViewController.swift */,
				A8BE36282582BBCA00B641A0 /* HomeViewController+alertControllers.swift */,
			);
			path = HomeViewController;
			sourceTree = "<group>";
		};
		A8BE361A2582B90500B641A0 /* MenuViewController */ = {
			isa = PBXGroup;
			children = (
				A86FA9E92582BDB00015A040 /* MenuViewControllerAssembly.swift */,
				A85A65BA2577F9B30052146F /* MenuViewController.swift */,
				A85A65BD2577F9DD0052146F /* MenuViewController+alertControllers.swift */,
			);
			path = MenuViewController;
			sourceTree = "<group>";
		};
		A8BE361B2582B92200B641A0 /* ContainerViewController */ = {
			isa = PBXGroup;
			children = (
				A85A65AF2577F8F80052146F /* ContainerViewController.swift */,
			);
			path = ContainerViewController;
			sourceTree = "<group>";
		};
		A8BE361C2582B93700B641A0 /* NewsReaderViewController */ = {
			isa = PBXGroup;
			children = (
				A85A65C12577FA000052146F /* NewsReaderViewController.swift */,
			);
			path = NewsReaderViewController;
			sourceTree = "<group>";
		};
		A8BE361F2582B97600B641A0 /* Models */ = {
			isa = PBXGroup;
			children = (
				A85A65E52578076B0052146F /* Channel.swift */,
				A8BE36162582B74700B641A0 /* News.swift */,
			);
			path = Models;
			sourceTree = "<group>";
		};
		A8BE36202582B9B600B641A0 /* Managers */ = {
			isa = PBXGroup;
			children = (
				A85A65CD2577FA710052146F /* AddManager.swift */,
				A85A65D12577FA8C0052146F /* StorageManager.swift */,
			);
			path = Managers;
			sourceTree = "<group>";
		};
		A8BE36212582B9DD00B641A0 /* View */ = {
			isa = PBXGroup;
			children = (
				A85A65C42577FA180052146F /* CustomHomeTableViewCell.swift */,
			);
			path = View;
			sourceTree = "<group>";
		};
/* End PBXGroup section */

/* Begin PBXNativeTarget section */
		A858C2AE2577EAA700754A4E /* RSSReader */ = {
			isa = PBXNativeTarget;
			buildConfigurationList = A858C2C32577EAAA00754A4E /* Build configuration list for PBXNativeTarget "RSSReader" */;
			buildPhases = (
				F3B298BABB5A0EBB450B1810 /* [CP] Check Pods Manifest.lock */,
				A858C2AB2577EAA700754A4E /* Sources */,
				A858C2AC2577EAA700754A4E /* Frameworks */,
				A858C2AD2577EAA700754A4E /* Resources */,
				785D5379AA7307FAA9B8F578 /* [CP] Embed Pods Frameworks */,
			);
			buildRules = (
			);
			dependencies = (
			);
			name = RSSReader;
			productName = RSSReader;
			productReference = A858C2AF2577EAA700754A4E /* RSSReader.app */;
			productType = "com.apple.product-type.application";
		};
/* End PBXNativeTarget section */

/* Begin PBXProject section */
		A858C2A72577EAA700754A4E /* Project object */ = {
			isa = PBXProject;
			attributes = {
				LastSwiftUpdateCheck = 1220;
				LastUpgradeCheck = 1220;
				TargetAttributes = {
					A858C2AE2577EAA700754A4E = {
						CreatedOnToolsVersion = 12.2;
					};
				};
			};
			buildConfigurationList = A858C2AA2577EAA700754A4E /* Build configuration list for PBXProject "RSSReader" */;
			compatibilityVersion = "Xcode 9.3";
			developmentRegion = en;
			hasScannedForEncodings = 0;
			knownRegions = (
				en,
				Base,
			);
			mainGroup = A858C2A62577EAA700754A4E;
			productRefGroup = A858C2B02577EAA700754A4E /* Products */;
			projectDirPath = "";
			projectRoot = "";
			targets = (
				A858C2AE2577EAA700754A4E /* RSSReader */,
			);
		};
/* End PBXProject section */

/* Begin PBXResourcesBuildPhase section */
		A858C2AD2577EAA700754A4E /* Resources */ = {
			isa = PBXResourcesBuildPhase;
			buildActionMask = 2147483647;
			files = (
				A858C2BF2577EAAA00754A4E /* LaunchScreen.storyboard in Resources */,
				A858C2BC2577EAAA00754A4E /* Assets.xcassets in Resources */,
			);
			runOnlyForDeploymentPostprocessing = 0;
		};
/* End PBXResourcesBuildPhase section */

/* Begin PBXShellScriptBuildPhase section */
		785D5379AA7307FAA9B8F578 /* [CP] Embed Pods Frameworks */ = {
			isa = PBXShellScriptBuildPhase;
			buildActionMask = 2147483647;
			files = (
			);
			inputFileListPaths = (
				"${PODS_ROOT}/Target Support Files/Pods-RSSReader/Pods-RSSReader-frameworks-${CONFIGURATION}-input-files.xcfilelist",
			);
			name = "[CP] Embed Pods Frameworks";
			outputFileListPaths = (
				"${PODS_ROOT}/Target Support Files/Pods-RSSReader/Pods-RSSReader-frameworks-${CONFIGURATION}-output-files.xcfilelist",
			);
			runOnlyForDeploymentPostprocessing = 0;
			shellPath = /bin/sh;
			shellScript = "\"${PODS_ROOT}/Target Support Files/Pods-RSSReader/Pods-RSSReader-frameworks.sh\"\n";
			showEnvVarsInLog = 0;
		};
		F3B298BABB5A0EBB450B1810 /* [CP] Check Pods Manifest.lock */ = {
			isa = PBXShellScriptBuildPhase;
			buildActionMask = 2147483647;
			files = (
			);
			inputFileListPaths = (
			);
			inputPaths = (
				"${PODS_PODFILE_DIR_PATH}/Podfile.lock",
				"${PODS_ROOT}/Manifest.lock",
			);
			name = "[CP] Check Pods Manifest.lock";
			outputFileListPaths = (
			);
			outputPaths = (
				"$(DERIVED_FILE_DIR)/Pods-RSSReader-checkManifestLockResult.txt",
			);
			runOnlyForDeploymentPostprocessing = 0;
			shellPath = /bin/sh;
			shellScript = "diff \"${PODS_PODFILE_DIR_PATH}/Podfile.lock\" \"${PODS_ROOT}/Manifest.lock\" > /dev/null\nif [ $? != 0 ] ; then\n    # print error to STDERR\n    echo \"error: The sandbox is not in sync with the Podfile.lock. Run 'pod install' or update your CocoaPods installation.\" >&2\n    exit 1\nfi\n# This output is used by Xcode 'outputs' to avoid re-running this script phase.\necho \"SUCCESS\" > \"${SCRIPT_OUTPUT_FILE_0}\"\n";
			showEnvVarsInLog = 0;
		};
/* End PBXShellScriptBuildPhase section */

/* Begin PBXSourcesBuildPhase section */
		A858C2AB2577EAA700754A4E /* Sources */ = {
			isa = PBXSourcesBuildPhase;
			buildActionMask = 2147483647;
			files = (
				A85A65C22577FA000052146F /* NewsReaderViewController.swift in Sources */,
				A85A65B32577F9300052146F /* MenuProtocols.swift in Sources */,
				A8BE36172582B74700B641A0 /* News.swift in Sources */,
				A86FA9EA2582BDB00015A040 /* MenuViewControllerAssembly.swift in Sources */,
				A8BE36242582BAD200B641A0 /* HomeViewControllerAssembly.swift in Sources */,
				A858C2B72577EAA700754A4E /* HomeViewController.swift in Sources */,
				A85A65D22577FA8C0052146F /* StorageManager.swift in Sources */,
				A85A65B62577F94E0052146F /* ExtensionString.swift in Sources */,
				A85A65C82577FA310052146F /* RssParser.swift in Sources */,
				A8BE36142582B71A00B641A0 /* AddManagerProtocol.swift in Sources */,
				A85A65CE2577FA710052146F /* AddManager.swift in Sources */,
				A85A65E62578076B0052146F /* Channel.swift in Sources */,
				A85A65BB2577F9B30052146F /* MenuViewController.swift in Sources */,
				A858C2B32577EAA700754A4E /* AppDelegate.swift in Sources */,
				A85A65B02577F8F80052146F /* ContainerViewController.swift in Sources */,
				A85A65BE2577F9DD0052146F /* MenuViewController+alertControllers.swift in Sources */,
				A858C2B52577EAA700754A4E /* SceneDelegate.swift in Sources */,
				A8BE36292582BBCA00B641A0 /* HomeViewController+alertControllers.swift in Sources */,
				A85A65C52577FA180052146F /* CustomHomeTableViewCell.swift in Sources */,
			);
			runOnlyForDeploymentPostprocessing = 0;
		};
/* End PBXSourcesBuildPhase section */

/* Begin PBXVariantGroup section */
		A858C2BD2577EAAA00754A4E /* LaunchScreen.storyboard */ = {
			isa = PBXVariantGroup;
			children = (
				A858C2BE2577EAAA00754A4E /* Base */,
			);
			name = LaunchScreen.storyboard;
			sourceTree = "<group>";
		};
/* End PBXVariantGroup section */

/* Begin XCBuildConfiguration section */
		A858C2C12577EAAA00754A4E /* Debug */ = {
			isa = XCBuildConfiguration;
			buildSettings = {
				ALWAYS_SEARCH_USER_PATHS = NO;
				CLANG_ANALYZER_NONNULL = YES;
				CLANG_ANALYZER_NUMBER_OBJECT_CONVERSION = YES_AGGRESSIVE;
				CLANG_CXX_LANGUAGE_STANDARD = "gnu++14";
				CLANG_CXX_LIBRARY = "libc++";
				CLANG_ENABLE_MODULES = YES;
				CLANG_ENABLE_OBJC_ARC = YES;
				CLANG_ENABLE_OBJC_WEAK = YES;
				CLANG_WARN_BLOCK_CAPTURE_AUTORELEASING = YES;
				CLANG_WARN_BOOL_CONVERSION = YES;
				CLANG_WARN_COMMA = YES;
				CLANG_WARN_CONSTANT_CONVERSION = YES;
				CLANG_WARN_DEPRECATED_OBJC_IMPLEMENTATIONS = YES;
				CLANG_WARN_DIRECT_OBJC_ISA_USAGE = YES_ERROR;
				CLANG_WARN_DOCUMENTATION_COMMENTS = YES;
				CLANG_WARN_EMPTY_BODY = YES;
				CLANG_WARN_ENUM_CONVERSION = YES;
				CLANG_WARN_INFINITE_RECURSION = YES;
				CLANG_WARN_INT_CONVERSION = YES;
				CLANG_WARN_NON_LITERAL_NULL_CONVERSION = YES;
				CLANG_WARN_OBJC_IMPLICIT_RETAIN_SELF = YES;
				CLANG_WARN_OBJC_LITERAL_CONVERSION = YES;
				CLANG_WARN_OBJC_ROOT_CLASS = YES_ERROR;
				CLANG_WARN_QUOTED_INCLUDE_IN_FRAMEWORK_HEADER = YES;
				CLANG_WARN_RANGE_LOOP_ANALYSIS = YES;
				CLANG_WARN_STRICT_PROTOTYPES = YES;
				CLANG_WARN_SUSPICIOUS_MOVE = YES;
				CLANG_WARN_UNGUARDED_AVAILABILITY = YES_AGGRESSIVE;
				CLANG_WARN_UNREACHABLE_CODE = YES;
				CLANG_WARN__DUPLICATE_METHOD_MATCH = YES;
				COPY_PHASE_STRIP = NO;
				DEBUG_INFORMATION_FORMAT = dwarf;
				ENABLE_STRICT_OBJC_MSGSEND = YES;
				ENABLE_TESTABILITY = YES;
				GCC_C_LANGUAGE_STANDARD = gnu11;
				GCC_DYNAMIC_NO_PIC = NO;
				GCC_NO_COMMON_BLOCKS = YES;
				GCC_OPTIMIZATION_LEVEL = 0;
				GCC_PREPROCESSOR_DEFINITIONS = (
					"DEBUG=1",
					"$(inherited)",
				);
				GCC_WARN_64_TO_32_BIT_CONVERSION = YES;
				GCC_WARN_ABOUT_RETURN_TYPE = YES_ERROR;
				GCC_WARN_UNDECLARED_SELECTOR = YES;
				GCC_WARN_UNINITIALIZED_AUTOS = YES_AGGRESSIVE;
				GCC_WARN_UNUSED_FUNCTION = YES;
				GCC_WARN_UNUSED_VARIABLE = YES;
				IPHONEOS_DEPLOYMENT_TARGET = 14.2;
				MTL_ENABLE_DEBUG_INFO = INCLUDE_SOURCE;
				MTL_FAST_MATH = YES;
				ONLY_ACTIVE_ARCH = YES;
				SDKROOT = iphoneos;
				SWIFT_ACTIVE_COMPILATION_CONDITIONS = DEBUG;
				SWIFT_OPTIMIZATION_LEVEL = "-Onone";
			};
			name = Debug;
		};
		A858C2C22577EAAA00754A4E /* Release */ = {
			isa = XCBuildConfiguration;
			buildSettings = {
				ALWAYS_SEARCH_USER_PATHS = NO;
				CLANG_ANALYZER_NONNULL = YES;
				CLANG_ANALYZER_NUMBER_OBJECT_CONVERSION = YES_AGGRESSIVE;
				CLANG_CXX_LANGUAGE_STANDARD = "gnu++14";
				CLANG_CXX_LIBRARY = "libc++";
				CLANG_ENABLE_MODULES = YES;
				CLANG_ENABLE_OBJC_ARC = YES;
				CLANG_ENABLE_OBJC_WEAK = YES;
				CLANG_WARN_BLOCK_CAPTURE_AUTORELEASING = YES;
				CLANG_WARN_BOOL_CONVERSION = YES;
				CLANG_WARN_COMMA = YES;
				CLANG_WARN_CONSTANT_CONVERSION = YES;
				CLANG_WARN_DEPRECATED_OBJC_IMPLEMENTATIONS = YES;
				CLANG_WARN_DIRECT_OBJC_ISA_USAGE = YES_ERROR;
				CLANG_WARN_DOCUMENTATION_COMMENTS = YES;
				CLANG_WARN_EMPTY_BODY = YES;
				CLANG_WARN_ENUM_CONVERSION = YES;
				CLANG_WARN_INFINITE_RECURSION = YES;
				CLANG_WARN_INT_CONVERSION = YES;
				CLANG_WARN_NON_LITERAL_NULL_CONVERSION = YES;
				CLANG_WARN_OBJC_IMPLICIT_RETAIN_SELF = YES;
				CLANG_WARN_OBJC_LITERAL_CONVERSION = YES;
				CLANG_WARN_OBJC_ROOT_CLASS = YES_ERROR;
				CLANG_WARN_QUOTED_INCLUDE_IN_FRAMEWORK_HEADER = YES;
				CLANG_WARN_RANGE_LOOP_ANALYSIS = YES;
				CLANG_WARN_STRICT_PROTOTYPES = YES;
				CLANG_WARN_SUSPICIOUS_MOVE = YES;
				CLANG_WARN_UNGUARDED_AVAILABILITY = YES_AGGRESSIVE;
				CLANG_WARN_UNREACHABLE_CODE = YES;
				CLANG_WARN__DUPLICATE_METHOD_MATCH = YES;
				COPY_PHASE_STRIP = NO;
				DEBUG_INFORMATION_FORMAT = "dwarf-with-dsym";
				ENABLE_NS_ASSERTIONS = NO;
				ENABLE_STRICT_OBJC_MSGSEND = YES;
				GCC_C_LANGUAGE_STANDARD = gnu11;
				GCC_NO_COMMON_BLOCKS = YES;
				GCC_WARN_64_TO_32_BIT_CONVERSION = YES;
				GCC_WARN_ABOUT_RETURN_TYPE = YES_ERROR;
				GCC_WARN_UNDECLARED_SELECTOR = YES;
				GCC_WARN_UNINITIALIZED_AUTOS = YES_AGGRESSIVE;
				GCC_WARN_UNUSED_FUNCTION = YES;
				GCC_WARN_UNUSED_VARIABLE = YES;
				IPHONEOS_DEPLOYMENT_TARGET = 14.2;
				MTL_ENABLE_DEBUG_INFO = NO;
				MTL_FAST_MATH = YES;
				SDKROOT = iphoneos;
				SWIFT_COMPILATION_MODE = wholemodule;
				SWIFT_OPTIMIZATION_LEVEL = "-O";
				VALIDATE_PRODUCT = YES;
			};
			name = Release;
		};
		A858C2C42577EAAA00754A4E /* Debug */ = {
			isa = XCBuildConfiguration;
			baseConfigurationReference = C8C8183E3F0B039973931FDB /* Pods-RSSReader.debug.xcconfig */;
			buildSettings = {
				ASSETCATALOG_COMPILER_APPICON_NAME = AppIcon;
				ASSETCATALOG_COMPILER_GLOBAL_ACCENT_COLOR_NAME = AccentColor;
				CODE_SIGN_STYLE = Automatic;
				DEVELOPMENT_TEAM = U8Z4KVJ957;
				INFOPLIST_FILE = RSSReader/Info.plist;
				LD_RUNPATH_SEARCH_PATHS = (
					"$(inherited)",
					"@executable_path/Frameworks",
				);
				PRODUCT_BUNDLE_IDENTIFIER = Alexandr.RSSReader;
				PRODUCT_NAME = "$(TARGET_NAME)";
				SWIFT_VERSION = 5.0;
				TARGETED_DEVICE_FAMILY = "1,2";
			};
			name = Debug;
		};
		A858C2C52577EAAA00754A4E /* Release */ = {
			isa = XCBuildConfiguration;
			baseConfigurationReference = 16FD3DC520F7AB55F9740FE3 /* Pods-RSSReader.release.xcconfig */;
			buildSettings = {
				ASSETCATALOG_COMPILER_APPICON_NAME = AppIcon;
				ASSETCATALOG_COMPILER_GLOBAL_ACCENT_COLOR_NAME = AccentColor;
				CODE_SIGN_STYLE = Automatic;
				DEVELOPMENT_TEAM = U8Z4KVJ957;
				INFOPLIST_FILE = RSSReader/Info.plist;
				LD_RUNPATH_SEARCH_PATHS = (
					"$(inherited)",
					"@executable_path/Frameworks",
				);
				PRODUCT_BUNDLE_IDENTIFIER = Alexandr.RSSReader;
				PRODUCT_NAME = "$(TARGET_NAME)";
				SWIFT_VERSION = 5.0;
				TARGETED_DEVICE_FAMILY = "1,2";
			};
			name = Release;
		};
/* End XCBuildConfiguration section */

/* Begin XCConfigurationList section */
		A858C2AA2577EAA700754A4E /* Build configuration list for PBXProject "RSSReader" */ = {
			isa = XCConfigurationList;
			buildConfigurations = (
				A858C2C12577EAAA00754A4E /* Debug */,
				A858C2C22577EAAA00754A4E /* Release */,
			);
			defaultConfigurationIsVisible = 0;
			defaultConfigurationName = Release;
		};
		A858C2C32577EAAA00754A4E /* Build configuration list for PBXNativeTarget "RSSReader" */ = {
			isa = XCConfigurationList;
			buildConfigurations = (
				A858C2C42577EAAA00754A4E /* Debug */,
				A858C2C52577EAAA00754A4E /* Release */,
			);
			defaultConfigurationIsVisible = 0;
			defaultConfigurationName = Release;
		};
/* End XCConfigurationList section */
	};
	rootObject = A858C2A72577EAA700754A4E /* Project object */;
}
